github.com/juju/collections v0.0.0-20180515203731-520e0549d51a h1:PPCCWrZzJMhFu4PxX3vRM65dq7LZMyreWAMPsvttUQk=
github.com/juju/collections v0.0.0-20180515203731-520e0549d51a/go.mod h1:Ep+c0vnxsgmmTtsMibPgEEleZyi0b4uVvyzJ+8ka9EI=
github.com/juju/errors v0.0.0-20150916125642-1b5e39b83d18 h1:Sem5Flzxj8ZdAgY2wfHBUlOYyP4wrpIfM8IZgANNGh8=
github.com/juju/errors v0.0.0-20150916125642-1b5e39b83d18/go.mod h1:W54LbzXuIE0boCoNJfwqpmkKJ1O4TCTZMetAt6jGk7Q=
github.com/juju/loggo v0.0.0-20170605014607-8232ab8918d9 h1:Y+lzErDTURqeXqlqYi4YBYbDd7ycU74gW1ADt57/bgY=
github.com/juju/loggo v0.0.0-20170605014607-8232ab8918d9/go.mod h1:vgyd7OREkbtVEN/8IXZe5Ooef3LQePvuBm9UWj6ZL8U=
github.com/juju/retry v0.0.0-20151029024821-62c620325291/go.mod h1:OohPQGsr4pnxwD5YljhQ+TZnuVRYpa5irjugL1Yuif4=
github.com/juju/schema v0.0.0-20160420044203-075de04f9b7d h1:JYANSZLNBXFgnNfGDOUAV+atWFDmOqJ1WPNmyS+YCCw=
github.com/juju/schema v0.0.0-20160420044203-075de04f9b7d/go.mod h1:7dL+43wADDfx5rD9ibr5H9Dgr4iOM3uHOa1i4IVLak8=
github.com/juju/testing v0.0.0-20180402130637-44801989f0f7/go.mod h1:63prj8cnj0tU0S9OHjGJn+b1h0ZghCndfnbQolrYTwA=
github.com/juju/utils v0.0.0-20180424094159-2000ea4ff043/go.mod h1:6/KLg8Wz/y2KVGWEpkK9vMNGkOnu4k/cqs8Z1fKjTOk=
github.com/juju/version v0.0.0-20161031051906-1f41e27e54f2 h1:loQDi5MyxxNm7Q42mBGuPD6X+F6zw8j5S9yexLgn/BE=
github.com/juju/version v0.0.0-20161031051906-1f41e27e54f2/go.mod h1:kE8gK5X0CImdr7qpSKl3xB2PmpySSmfj7zVbkZFs81U=
golang.org/x/crypto v0.0.0-20180214000028-650f4a345ab4/go.mod h1:6SG95UA2DQfeDnfUPMdvaQW0Q7yPrPDi9nlGo2tz2b4=
golang.org/x/net v0.0.0-20180406214816-61147c48b25b/go.mod h1:mL1N/T3taQHkDXs73rZJwtUhF3w3ftmwwsq0BUmARs4=
gopkg.in/check.v1 v1.0.0-20160105164936-4f90aeace3a2/go.mod h1:Co6ibVJAznAaIkqp8huTwlJQCZ016jof/cbN4VW5Yz0=
gopkg.in/mgo.v2 v2.0.0-20160818015218-f2b6f6c918c4 h1:hILp2hNrRnYjZpmIbx70psAHbBSEcQ1NIzDcUbJ1b6g=
gopkg.in/mgo.v2 v2.0.0-20160818015218-f2b6f6c918c4/go.mod h1:yeKp02qBN3iKW1OzL3MGk2IdtZzaj7SFntXj72NppTA=
gopkg.in/yaml.v2 v2.0.0-20170712054546-1be3d31502d6/go.mod h1:JAlM8MvJe8wmxCU4Bli9HhUf9+ttbYbLASfIpnQbh74=
